
Microsoft Visual Studio Solution File, Format Version 12.00
# Visual Studio Version 17
VisualStudioVersion = 17.3.32819.101
MinimumVisualStudioVersion = 10.0.40219.1
Project("{FAE04EC0-301F-11D3-BF4B-00C04F79EFBC}") = "New DLL FILE", "New DLL FILE\New DLL FILE.csproj", "{A499AEE0-052A-4D31-BBE6-2F5D1459F4EC}"
EndProject
Global
	GlobalSection(SolutionConfigurationPlatforms) = preSolution
		Debug|Any CPU = Debug|Any CPU
		Release|Any CPU = Release|Any CPU
	EndGlobalSection
	GlobalSection(ProjectConfigurationPlatforms) = postSolution
		{A499AEE0-052A-4D31-BBE6-2F5D1459F4EC}.Debug|Any CPU.ActiveCfg = Debug|Any CPU
		{A499AEE0-052A-4D31-BBE6-2F5D1459F4EC}.Debug|Any CPU.Build.0 = Debug|Any CPU
		{A499AEE0-052A-4D31-BBE6-2F5D1459F4EC}.Release|Any CPU.ActiveCfg = Release|Any CPU
		{A499AEE0-052A-4D31-BBE6-2F5D1459F4EC}.Release|Any CPU.Build.0 = Release|Any CPU
	EndGlobalSection
	GlobalSection(SolutionProperties) = preSolution
		HideSolutionNode = FALSE
	EndGlobalSection
	GlobalSection(ExtensibilityGlobals) = postSolution
		SolutionGuid = {511D7464-6E6E-4B69-8282-E5FD28A13BC5}
	EndGlobalSection
EndGlobal
